// !$*UTF8*$!
{
	archiveVersion = 1;
	classes = {
	};
	objectVersion = 48;
	objects = {

/* Begin PBXBuildFile section */
		A62134D0200E31A100C31BE5 /* words.txt in Resources */ = {isa = PBXBuildFile; fileRef = A62134CF200E31A100C31BE5 /* words.txt */; };
		A6CDCB0D200DE67F00E137B2 /* AppDelegate.swift in Sources */ = {isa = PBXBuildFile; fileRef = A6CDCB0C200DE67F00E137B2 /* AppDelegate.swift */; };
		A6CDCB0F200DE67F00E137B2 /* ViewController.swift in Sources */ = {isa = PBXBuildFile; fileRef = A6CDCB0E200DE67F00E137B2 /* ViewController.swift */; };
		A6CDCB12200DE67F00E137B2 /* Main.storyboard in Resources */ = {isa = PBXBuildFile; fileRef = A6CDCB10200DE67F00E137B2 /* Main.storyboard */; };
		A6CDCB15200DE67F00E137B2 /* unscrabble.xcdatamodeld in Sources */ = {isa = PBXBuildFile; fileRef = A6CDCB13200DE67F00E137B2 /* unscrabble.xcdatamodeld */; };
		A6CDCB17200DE67F00E137B2 /* Assets.xcassets in Resources */ = {isa = PBXBuildFile; fileRef = A6CDCB16200DE67F00E137B2 /* Assets.xcassets */; };
		A6CDCB1A200DE67F00E137B2 /* LaunchScreen.storyboard in Resources */ = {isa = PBXBuildFile; fileRef = A6CDCB18200DE67F00E137B2 /* LaunchScreen.storyboard */; };
		A6CDCB22200DEF2300E137B2 /* wlist.xml in Resources */ = {isa = PBXBuildFile; fileRef = A6CDCB21200DEF2300E137B2 /* wlist.xml */; };
/* End PBXBuildFile section */

/* Begin PBXFileReference section */
		A62134CF200E31A100C31BE5 /* words.txt */ = {isa = PBXFileReference; fileEncoding = 4; lastKnownFileType = text; path = words.txt; sourceTree = "<group>"; };
		A6CDCB09200DE67F00E137B2 /* Unscrabble.app */ = {isa = PBXFileReference; explicitFileType = wrapper.application; includeInIndex = 0; path = Unscrabble.app; sourceTree = BUILT_PRODUCTS_DIR; };
		A6CDCB0C200DE67F00E137B2 /* AppDelegate.swift */ = {isa = PBXFileReference; lastKnownFileType = sourcecode.swift; path = AppDelegate.swift; sourceTree = "<group>"; };
		A6CDCB0E200DE67F00E137B2 /* ViewController.swift */ = {isa = PBXFileReference; lastKnownFileType = sourcecode.swift; path = ViewController.swift; sourceTree = "<group>"; };
		A6CDCB11200DE67F00E137B2 /* Base */ = {isa = PBXFileReference; lastKnownFileType = file.storyboard; name = Base; path = Base.lproj/Main.storyboard; sourceTree = "<group>"; };
		A6CDCB14200DE67F00E137B2 /* unscrabble.xcdatamodel */ = {isa = PBXFileReference; lastKnownFileType = wrapper.xcdatamodel; path = unscrabble.xcdatamodel; sourceTree = "<group>"; };
		A6CDCB16200DE67F00E137B2 /* Assets.xcassets */ = {isa = PBXFileReference; lastKnownFileType = folder.assetcatalog; path = Assets.xcassets; sourceTree = "<group>"; };
		A6CDCB19200DE67F00E137B2 /* Base */ = {isa = PBXFileReference; lastKnownFileType = file.storyboard; name = Base; path = Base.lproj/LaunchScreen.storyboard; sourceTree = "<group>"; };
		A6CDCB1B200DE67F00E137B2 /* Info.plist */ = {isa = PBXFileReference; lastKnownFileType = text.plist.xml; path = Info.plist; sourceTree = "<group>"; };
		A6CDCB21200DEF2300E137B2 /* wlist.xml */ = {isa = PBXFileReference; fileEncoding = 4; lastKnownFileType = text.xml; path = wlist.xml; sourceTree = "<group>"; };
/* End PBXFileReference section */

/* Begin PBXFrameworksBuildPhase section */
		A6CDCB06200DE67F00E137B2 /* Frameworks */ = {
			isa = PBXFrameworksBuildPhase;
			buildActionMask = 2147483647;
			files = (
			);
			runOnlyForDeploymentPostprocessing = 0;
		};
/* End PBXFrameworksBuildPhase section */

/* Begin PBXGroup section */
		A6CDCB00200DE67F00E137B2 = {
			isa = PBXGroup;
			children = (
				A6CDCB0B200DE67F00E137B2 /* Unscrabble */,
				A6CDCB0A200DE67F00E137B2 /* Products */,
			);
			sourceTree = "<group>";
		};
		A6CDCB0A200DE67F00E137B2 /* Products */ = {
			isa = PBXGroup;
			children = (
				A6CDCB09200DE67F00E137B2 /* Unscrabble.app */,
			);
			name = Products;
			sourceTree = "<group>";
		};
		A6CDCB0B200DE67F00E137B2 /* Unscrabble */ = {
			isa = PBXGroup;
			children = (
				A62134CF200E31A100C31BE5 /* words.txt */,
				A6CDCB21200DEF2300E137B2 /* wlist.xml */,
				A6CDCB0C200DE67F00E137B2 /* AppDelegate.swift */,
				A6CDCB0E200DE67F00E137B2 /* ViewController.swift */,
				A6CDCB10200DE67F00E137B2 /* Main.storyboard */,
				A6CDCB16200DE67F00E137B2 /* Assets.xcassets */,
				A6CDCB18200DE67F00E137B2 /* LaunchScreen.storyboard */,
				A6CDCB1B200DE67F00E137B2 /* Info.plist */,
				A6CDCB13200DE67F00E137B2 /* unscrabble.xcdatamodeld */,
			);
			path = Unscrabble;
			sourceTree = "<group>";
		};
/* End PBXGroup section */

/* Begin PBXNativeTarget section */
		A6CDCB08200DE67F00E137B2 /* Unscrabble */ = {
			isa = PBXNativeTarget;
			buildConfigurationList = A6CDCB1E200DE67F00E137B2 /* Build configuration list for PBXNativeTarget "Unscrabble" */;
			buildPhases = (
				A6CDCB05200DE67F00E137B2 /* Sources */,
				A6CDCB06200DE67F00E137B2 /* Frameworks */,
				A6CDCB07200DE67F00E137B2 /* Resources */,
			);
			buildRules = (
			);
			dependencies = (
			);
			name = Unscrabble;
			productName = unscrabble;
			productReference = A6CDCB09200DE67F00E137B2 /* Unscrabble.app */;
			productType = "com.apple.product-type.application";
		};
/* End PBXNativeTarget section */

/* Begin PBXProject section */
		A6CDCB01200DE67F00E137B2 /* Project object */ = {
			isa = PBXProject;
			attributes = {
				LastSwiftUpdateCheck = 0920;
				LastUpgradeCheck = 0920;
				TargetAttributes = {
					A6CDCB08200DE67F00E137B2 = {
						CreatedOnToolsVersion = 9.2;
						ProvisioningStyle = Automatic;
					};
				};
			};
			buildConfigurationList = A6CDCB04200DE67F00E137B2 /* Build configuration list for PBXProject "Unscrabble" */;
			compatibilityVersion = "Xcode 8.0";
			developmentRegion = en;
			hasScannedForEncodings = 0;
			knownRegions = (
				en,
				Base,
			);
			mainGroup = A6CDCB00200DE67F00E137B2;
			productRefGroup = A6CDCB0A200DE67F00E137B2 /* Products */;
			projectDirPath = "";
			projectRoot = "";
			targets = (
				A6CDCB08200DE67F00E137B2 /* Unscrabble */,
			);
		};
/* End PBXProject section */

/* Begin PBXResourcesBuildPhase section */
		A6CDCB07200DE67F00E137B2 /* Resources */ = {
			isa = PBXResourcesBuildPhase;
			buildActionMask = 2147483647;
			files = (
				A6CDCB1A200DE67F00E137B2 /* LaunchScreen.storyboard in Resources */,
				A6CDCB17200DE67F00E137B2 /* Assets.xcassets in Resources */,
				A6CDCB12200DE67F00E137B2 /* Main.storyboard in Resources */,
				A62134D0200E31A100C31BE5 /* words.txt in Resources */,
				A6CDCB22200DEF2300E137B2 /* wlist.xml in Resources */,
			);
			runOnlyForDeploymentPostprocessing = 0;
		};
/* End PBXResourcesBuildPhase section */

/* Begin PBXSourcesBuildPhase section */
		A6CDCB05200DE67F00E137B2 /* Sources */ = {
			isa = PBXSourcesBuildPhase;
			buildActionMask = 2147483647;
			files = (
				A6CDCB0F200DE67F00E137B2 /* ViewController.swift in Sources */,
				A6CDCB0D200DE67F00E137B2 /* AppDelegate.swift in Sources */,
				A6CDCB15200DE67F00E137B2 /* unscrabble.xcdatamodeld in Sources */,
			);
			runOnlyForDeploymentPostprocessing = 0;
		};
/* End PBXSourcesBuildPhase section */

/* Begin PBXVariantGroup section */
		A6CDCB10200DE67F00E137B2 /* Main.storyboard */ = {
			isa = PBXVariantGroup;
			children = (
				A6CDCB11200DE67F00E137B2 /* Base */,
			);
			name = Main.storyboard;
			sourceTree = "<group>";
		};
		A6CDCB18200DE67F00E137B2 /* LaunchScreen.storyboard */ = {
			isa = PBXVariantGroup;
			children = (
				A6CDCB19200DE67F00E137B2 /* Base */,
			);
			name = LaunchScreen.storyboard;
			sourceTree = "<group>";
		};
/* End PBXVariantGroup section */

/* Begin XCBuildConfiguration section */
		A6CDCB1C200DE67F00E137B2 /* Debug */ = {
			isa = XCBuildConfiguration;
			buildSettings = {
				ALWAYS_SEARCH_USER_PATHS = NO;
				CLANG_ANALYZER_NONNULL = YES;
				CLANG_ANALYZER_NUMBER_OBJECT_CONVERSION = YES_AGGRESSIVE;
				CLANG_CXX_LANGUAGE_STANDARD = "gnu++14";
				CLANG_CXX_LIBRARY = "libc++";
				CLANG_ENABLE_MODULES = YES;
				CLANG_ENABLE_OBJC_ARC = YES;
				CLANG_WARN_BLOCK_CAPTURE_AUTORELEASING = YES;
				CLANG_WARN_BOOL_CONVERSION = YES;
				CLANG_WARN_COMMA = YES;
				CLANG_WARN_CONSTANT_CONVERSION = YES;
				CLANG_WARN_DIRECT_OBJC_ISA_USAGE = YES_ERROR;
				CLANG_WARN_DOCUMENTATION_COMMENTS = YES;
				CLANG_WARN_EMPTY_BODY = YES;
				CLANG_WARN_ENUM_CONVERSION = YES;
				CLANG_WARN_INFINITE_RECURSION = YES;
				CLANG_WARN_INT_CONVERSION = YES;
				CLANG_WARN_NON_LITERAL_NULL_CONVERSION = YES;
				CLANG_WARN_OBJC_LITERAL_CONVERSION = YES;
				CLANG_WARN_OBJC_ROOT_CLASS = YES_ERROR;
				CLANG_WARN_RANGE_LOOP_ANALYSIS = YES;
				CLANG_WARN_STRICT_PROTOTYPES = YES;
				CLANG_WARN_SUSPICIOUS_MOVE = YES;
				CLANG_WARN_UNGUARDED_AVAILABILITY = YES_AGGRESSIVE;
				CLANG_WARN_UNREACHABLE_CODE = YES;
				CLANG_WARN__DUPLICATE_METHOD_MATCH = YES;
				CODE_SIGN_IDENTITY = "iPhone Developer";
				COPY_PHASE_STRIP = NO;
				DEBUG_INFORMATION_FORMAT = dwarf;
				ENABLE_STRICT_OBJC_MSGSEND = YES;
				ENABLE_TESTABILITY = YES;
				GCC_C_LANGUAGE_STANDARD = gnu11;
				GCC_DYNAMIC_NO_PIC = NO;
				GCC_NO_COMMON_BLOCKS = YES;
				GCC_OPTIMIZATION_LEVEL = 0;
				GCC_PREPROCESSOR_DEFINITIONS = (
					"DEBUG=1",
					"$(inherited)",
				);
				GCC_WARN_64_TO_32_BIT_CONVERSION = YES;
				GCC_WARN_ABOUT_RETURN_TYPE = YES_ERROR;
				GCC_WARN_UNDECLARED_SELECTOR = YES;
				GCC_WARN_UNINITIALIZED_AUTOS = YES_AGGRESSIVE;
				GCC_WARN_UNUSED_FUNCTION = YES;
				GCC_WARN_UNUSED_VARIABLE = YES;
				IPHONEOS_DEPLOYMENT_TARGET = 11.2;
				MTL_ENABLE_DEBUG_INFO = YES;
				ONLY_ACTIVE_ARCH = YES;
				SDKROOT = iphoneos;
				SWIFT_ACTIVE_COMPILATION_CONDITIONS = DEBUG;
				SWIFT_OPTIMIZATION_LEVEL = "-Onone";
			};
			name = Debug;
		};
		A6CDCB1D200DE67F00E137B2 /* Release */ = {
			isa = XCBuildConfiguration;
			buildSettings = {
				ALWAYS_SEARCH_USER_PATHS = NO;
				CLANG_ANALYZER_NONNULL = YES;
				CLANG_ANALYZER_NUMBER_OBJECT_CONVERSION = YES_AGGRESSIVE;
				CLANG_CXX_LANGUAGE_STANDARD = "gnu++14";
				CLANG_CXX_LIBRARY = "libc++";
				CLANG_ENABLE_MODULES = YES;
				CLANG_ENABLE_OBJC_ARC = YES;
				CLANG_WARN_BLOCK_CAPTURE_AUTORELEASING = YES;
				CLANG_WARN_BOOL_CONVERSION = YES;
				CLANG_WARN_COMMA = YES;
				CLANG_WARN_CONSTANT_CONVERSION = YES;
				CLANG_WARN_DIRECT_OBJC_ISA_USAGE = YES_ERROR;
				CLANG_WARN_DOCUMENTATION_COMMENTS = YES;
				CLANG_WARN_EMPTY_BODY = YES;
				CLANG_WARN_ENUM_CONVERSION = YES;
				CLANG_WARN_INFINITE_RECURSION = YES;
				CLANG_WARN_INT_CONVERSION = YES;
				CLANG_WARN_NON_LITERAL_NULL_CONVERSION = YES;
				CLANG_WARN_OBJC_LITERAL_CONVERSION = YES;
				CLANG_WARN_OBJC_ROOT_CLASS = YES_ERROR;
				CLANG_WARN_RANGE_LOOP_ANALYSIS = YES;
				CLANG_WARN_STRICT_PROTOTYPES = YES;
				CLANG_WARN_SUSPICIOUS_MOVE = YES;
				CLANG_WARN_UNGUARDED_AVAILABILITY = YES_AGGRESSIVE;
				CLANG_WARN_UNREACHABLE_CODE = YES;
				CLANG_WARN__DUPLICATE_METHOD_MATCH = YES;
				CODE_SIGN_IDENTITY = "iPhone Developer";
				COPY_PHASE_STRIP = NO;
				DEBUG_INFORMATION_FORMAT = "dwarf-with-dsym";
				ENABLE_NS_ASSERTIONS = NO;
				ENABLE_STRICT_OBJC_MSGSEND = YES;
				GCC_C_LANGUAGE_STANDARD = gnu11;
				GCC_NO_COMMON_BLOCKS = YES;
				GCC_WARN_64_TO_32_BIT_CONVERSION = YES;
				GCC_WARN_ABOUT_RETURN_TYPE = YES_ERROR;
				GCC_WARN_UNDECLARED_SELECTOR = YES;
				GCC_WARN_UNINITIALIZED_AUTOS = YES_AGGRESSIVE;
				GCC_WARN_UNUSED_FUNCTION = YES;
				GCC_WARN_UNUSED_VARIABLE = YES;
				IPHONEOS_DEPLOYMENT_TARGET = 11.2;
				MTL_ENABLE_DEBUG_INFO = NO;
				SDKROOT = iphoneos;
				SWIFT_OPTIMIZATION_LEVEL = "-Owholemodule";
				VALIDATE_PRODUCT = YES;
			};
			name = Release;
		};
		A6CDCB1F200DE67F00E137B2 /* Debug */ = {
			isa = XCBuildConfiguration;
			buildSettings = {
				ASSETCATALOG_COMPILER_APPICON_NAME = AppIcon;
				CODE_SIGN_STYLE = Automatic;
				DEVELOPMENT_TEAM = Y849S4R6L9;
				INFOPLIST_FILE = unscrabble/Info.plist;
				LD_RUNPATH_SEARCH_PATHS = "$(inherited) @executable_path/Frameworks";
				PRODUCT_BUNDLE_IDENTIFIER = com.jukkamiettinen.Unscrabble;
				PRODUCT_NAME = "$(TARGET_NAME)";
				SWIFT_VERSION = 4.0;
				TARGETED_DEVICE_FAMILY = "1,2";
			};
			name = Debug;
		};
		A6CDCB20200DE67F00E137B2 /* Release */ = {
			isa = XCBuildConfiguration;
			buildSettings = {
				ASSETCATALOG_COMPILER_APPICON_NAME = AppIcon;
				CODE_SIGN_STYLE = Automatic;
				DEVELOPMENT_TEAM = Y849S4R6L9;
				INFOPLIST_FILE = unscrabble/Info.plist;
				LD_RUNPATH_SEARCH_PATHS = "$(inherited) @executable_path/Frameworks";
				PRODUCT_BUNDLE_IDENTIFIER = com.jukkamiettinen.Unscrabble;
				PRODUCT_NAME = "$(TARGET_NAME)";
				SWIFT_VERSION = 4.0;
				TARGETED_DEVICE_FAMILY = "1,2";
			};
			name = Release;
		};
/* End XCBuildConfiguration section */

/* Begin XCConfigurationList section */
		A6CDCB04200DE67F00E137B2 /* Build configuration list for PBXProject "Unscrabble" */ = {
			isa = XCConfigurationList;
			buildConfigurations = (
				A6CDCB1C200DE67F00E137B2 /* Debug */,
				A6CDCB1D200DE67F00E137B2 /* Release */,
			);
			defaultConfigurationIsVisible = 0;
			defaultConfigurationName = Release;
		};
		A6CDCB1E200DE67F00E137B2 /* Build configuration list for PBXNativeTarget "Unscrabble" */ = {
			isa = XCConfigurationList;
			buildConfigurations = (
				A6CDCB1F200DE67F00E137B2 /* Debug */,
				A6CDCB20200DE67F00E137B2 /* Release */,
			);
			defaultConfigurationIsVisible = 0;
			defaultConfigurationName = Release;
		};
/* End XCConfigurationList section */

/* Begin XCVersionGroup section */
		A6CDCB13200DE67F00E137B2 /* unscrabble.xcdatamodeld */ = {
			isa = XCVersionGroup;
			children = (
				A6CDCB14200DE67F00E137B2 /* unscrabble.xcdatamodel */,
			);
			currentVersion = A6CDCB14200DE67F00E137B2 /* unscrabble.xcdatamodel */;
			path = unscrabble.xcdatamodeld;
			sourceTree = "<group>";
			versionGroupType = wrapper.xcdatamodel;
		};
/* End XCVersionGroup section */
	};
	rootObject = A6CDCB01200DE67F00E137B2 /* Project object */;
}
